
Microsoft Visual Studio Solution File, Format Version 12.00
# Visual Studio Version 17
VisualStudioVersion = 17.13.35825.156 d17.13
MinimumVisualStudioVersion = 10.0.40219.1
Project("{FAE04EC0-301F-11D3-BF4B-00C04F79EFBC}") = "Project02_1", "Project02_1.csproj", "{078A7CB6-611E-4802-87B7-3558E9A0BE66}"
EndProject
Global
	GlobalSection(SolutionConfigurationPlatforms) = preSolution
		Debug|Any CPU = Debug|Any CPU
		Release|Any CPU = Release|Any CPU
	EndGlobalSection
	GlobalSection(ProjectConfigurationPlatforms) = postSolution
		{078A7CB6-611E-4802-87B7-3558E9A0BE66}.Debug|Any CPU.ActiveCfg = Debug|Any CPU
		{078A7CB6-611E-4802-87B7-3558E9A0BE66}.Debug|Any CPU.Build.0 = Debug|Any CPU
		{078A7CB6-611E-4802-87B7-3558E9A0BE66}.Release|Any CPU.ActiveCfg = Release|Any CPU
		{078A7CB6-611E-4802-87B7-3558E9A0BE66}.Release|Any CPU.Build.0 = Release|Any CPU
	EndGlobalSection
	GlobalSection(SolutionProperties) = preSolution
		HideSolutionNode = FALSE
	EndGlobalSection
	GlobalSection(ExtensibilityGlobals) = postSolution
		SolutionGuid = {9F4BD4D5-A37B-42F5-BDEF-B1E9646D94E1}
	EndGlobalSection
EndGlobal
